
Microsoft Visual Studio Solution File, Format Version 12.00
# Visual Studio 15
VisualStudioVersion = 15.0.27428.2043
MinimumVisualStudioVersion = 10.0.40219.1
Project("{FAE04EC0-301F-11D3-BF4B-00C04F79EFBC}") = "Coursework_2", "Coursework_2.csproj", "{04EE48A0-82BE-4DF5-B34E-073D79ADBE51}"
EndProject
Global
	GlobalSection(SolutionConfigurationPlatforms) = preSolution
		Debug|Any CPU = Debug|Any CPU
		Release|Any CPU = Release|Any CPU
	EndGlobalSection
	GlobalSection(ProjectConfigurationPlatforms) = postSolution
		{04EE48A0-82BE-4DF5-B34E-073D79ADBE51}.Debug|Any CPU.ActiveCfg = Debug|Any CPU
		{04EE48A0-82BE-4DF5-B34E-073D79ADBE51}.Debug|Any CPU.Build.0 = Debug|Any CPU
		{04EE48A0-82BE-4DF5-B34E-073D79ADBE51}.Release|Any CPU.ActiveCfg = Release|Any CPU
		{04EE48A0-82BE-4DF5-B34E-073D79ADBE51}.Release|Any CPU.Build.0 = Release|Any CPU
	EndGlobalSection
	GlobalSection(SolutionProperties) = preSolution
		HideSolutionNode = FALSE
	EndGlobalSection
	GlobalSection(ExtensibilityGlobals) = postSolution
		SolutionGuid = {8B92B4F4-A6E1-42F8-A8BA-10FA66B29EBF}
	EndGlobalSection
EndGlobal
